# This file is automatically @generated by Cargo.
# It is not intended for manual editing.
version = 3

[[package]]
name = "cleanstore"
version = "0.3.0"
dependencies = [
 "paris",
]

[[package]]
name = "paris"
version = "1.5.15"
source = "registry+https://github.com/rust-lang/crates.io-index"
checksum = "8fecab3723493c7851f292cb060f3ee1c42f19b8d749345d0d7eaf3fd19aa62d"
